SITE
  remote: http://community.opscode.com/api/v1
  specs:
    apache2 (1.1.8)
    application (0.99.14)
      apache2 (>= 0.0.0)
      gunicorn (>= 0.0.0)
      passenger_apache2 (>= 0.0.0)
      php (>= 0.0.0)
      python (>= 1.0.6)
      runit (>= 0.0.0)
      tomcat (>= 0.0.0)
      unicorn (>= 0.0.0)
    apt (1.4.2)
    aws (0.99.1)
    bluepill (1.0.4)
    build-essential (1.0.0)
    cron (1.0.0)
    database (1.2.0)
      aws (>= 0.0.0)
      mysql (>= 1.2.0)
      postgresql (>= 0.0.0)
      xfs (>= 0.0.0)
    elasticsearch (0.1.0)
      bluepill (>= 0)
      java (>= 0)
    git (0.10.0)
      runit (>= 0.0.0)
      yum (>= 0.0.0)
    gunicorn (1.0.0)
      python (>= 0)
    imagemagick (0.2.2)
    install_from (3.0.4)
    java (1.5.0)
    logrotate (0.8.2)
    memcached (1.0.2)
      runit (>= 0.0.0)
    metachef (3.0.4)
    mongodb (0.11.0)
      apt (>= 0.0.0)
    mysql (1.2.4)
      openssl (>= 0.0.0)
    newrelic (0.2.6)
      apt (>= 0.0.0)
    nginx (0.101.2)
      bluepill (>= 0.0.0)
      build-essential (>= 0.0.0)
      ohai (~> 1.0.2)
      runit (>= 0.0.0)
    nodejs (0.6.11)
      build-essential (>= 0.0.0)
    oh-my-zsh (0.4.2)
      git (>= 0.0.0)
      user (>= 0.0.0)
      zsh (>= 0.0.0)
    ohai (1.0.2)
    openssl (1.0.0)
    passenger_apache2 (0.99.4)
      apache2 (>= 1.0.4)
      build-essential (>= 0.0.0)
    php (1.0.2)
      build-essential (>= 0.0.0)
      mysql (>= 0.0.0)
      xml (>= 0.0.0)
    postgresql (0.99.4)
      openssl (>= 0.0.0)
    prince (0.0.1)
    python (1.0.6)
      build-essential (>= 0.0.0)
    redis (3.0.4)
      install_from (>= 0.0.0)
      metachef (>= 0.0.0)
      runit (>= 0.0.0)
    ruby_enterprise (0.2.5)
      build-essential (>= 0.0.0)
    runit (0.15.0)
    screen (0.7.0)
    ssh_known_hosts (0.5.0)
    timezone (0.0.1)
    tomcat (0.10.4)
      java (>= 0.0.0)
    unicorn (1.0.0)
    xfs (1.0.0)
    xml (1.0.2)
    yum (0.5.2)
    zsh (0.7.0)

GIT
  remote: https://github.com/fnichol/chef-rvm
  ref: master
  sha: 6411f1194c2f57dc2578e87d9ca89199561512dd
  specs:
    rvm (0.9.1)

GIT
  remote: https://github.com/fnichol/chef-user
  ref: master
  sha: ef906ef48303ac59c0b4426222210586786be3e0
  specs:
    user (0.2.13)

GIT
  remote: https://github.com/phlipper/chef-percona.git
  ref: master
  sha: 160e76f12a990d64854e73867197f337d60f9c7f
  specs:
    percona (0.4.4)
      apt (>= 0.0.0)

DEPENDENCIES
  apache2 (>= 1.0.0)
  application (>= 0)
  apt (>= 0)
  aws (>= 0)
  bluepill (>= 0)
  build-essential (>= 0)
  cron (>= 0)
  database (>= 0)
  elasticsearch (>= 0)
  git (>= 0)
  gunicorn (>= 0)
  imagemagick (>= 0)
  java (>= 0)
  logrotate (>= 0)
  memcached (>= 0)
  mongodb (>= 0)
  mysql (>= 0)
  newrelic (>= 0)
  nginx (>= 0)
  nodejs (>= 0)
  oh-my-zsh (>= 0)
  ohai (>= 0)
  openssl (>= 0)
  passenger_apache2 (>= 0)
  percona (>= 0)
  php (>= 0)
  postgresql (>= 0)
  prince (>= 0)
  python (>= 0)
  redis (>= 0)
  ruby_enterprise (>= 0)
  runit (>= 0)
  rvm (>= 0)
  screen (>= 0)
  ssh_known_hosts (>= 0)
  timezone (>= 0)
  tomcat (>= 0)
  unicorn (>= 0)
  user (>= 0)
  xfs (>= 0)
  xml (>= 0)
  yum (>= 0)
  zsh (>= 0)

